
Microsoft Visual Studio Solution File, Format Version 12.00
# Visual Studio Version 17
VisualStudioVersion = 17.14.36518.9 d17.14
MinimumVisualStudioVersion = 10.0.40219.1
Project("{00D1A9C2-B5F0-4AF3-8072-F6C62B433612}") = "ZaawansowaneBazyDanych", "ZaawansowaneBazyDanych.sqlproj", "{A3136704-6292-44AE-824B-AB2350B5222D}"
EndProject
Global
	GlobalSection(SolutionConfigurationPlatforms) = preSolution
		Debug|Any CPU = Debug|Any CPU
		Release|Any CPU = Release|Any CPU
	EndGlobalSection
	GlobalSection(ProjectConfigurationPlatforms) = postSolution
		{A3136704-6292-44AE-824B-AB2350B5222D}.Debug|Any CPU.ActiveCfg = Debug|Any CPU
		{A3136704-6292-44AE-824B-AB2350B5222D}.Debug|Any CPU.Build.0 = Debug|Any CPU
		{A3136704-6292-44AE-824B-AB2350B5222D}.Debug|Any CPU.Deploy.0 = Debug|Any CPU
		{A3136704-6292-44AE-824B-AB2350B5222D}.Release|Any CPU.ActiveCfg = Release|Any CPU
		{A3136704-6292-44AE-824B-AB2350B5222D}.Release|Any CPU.Build.0 = Release|Any CPU
		{A3136704-6292-44AE-824B-AB2350B5222D}.Release|Any CPU.Deploy.0 = Release|Any CPU
	EndGlobalSection
	GlobalSection(SolutionProperties) = preSolution
		HideSolutionNode = FALSE
	EndGlobalSection
	GlobalSection(ExtensibilityGlobals) = postSolution
		SolutionGuid = {A3221B02-603E-41B2-9FE5-D65D75B84015}
	EndGlobalSection
EndGlobal
